{
  "name": "micro-ordinals",
  "version": "0.2.2",
  "lockfileVersion": 3,
  "requires": true,
  "packages": {
    "": {
      "name": "micro-ordinals",
      "version": "0.2.2",
      "license": "MIT",
      "dependencies": {
        "@scure/base": "^2.0.0-beta.1",
        "@scure/btc-signer": "^2.0.0-beta.1",
        "enquirer": "2.4.1",
        "micro-packed": "^0.8.0-beta.1"
      },
      "bin": {
        "ord": "cli.js"
      },
      "devDependencies": {
        "@noble/curves": "^2.0.0-beta.1",
        "@paulmillr/jsbt": "0.4.3",
        "@types/node": "24.2.1",
        "prettier": "3.5.3",
        "typescript": "5.9.2"
      }
    },
    "node_modules/@noble/curves": {
      "version": "2.0.0-beta.3",
      "resolved": "https://registry.npmjs.org/@noble/curves/-/curves-2.0.0-beta.3.tgz",
      "integrity": "sha512-OHdVTVGr9r/Gvq0fmFNMXroa7Xbv1i53mTiB4YrMQWvsvRo3KrH9E+tD2/Tr2qwpn90LX9CUfuEOUFk60u7/Bw==",
      "license": "MIT",
      "dependencies": {
        "@noble/hashes": "2.0.0-beta.5"
      },
      "engines": {
        "node": ">= 20.19.0"
      },
      "funding": {
        "url": "https://paulmillr.com/funding/"
      }
    },
    "node_modules/@noble/hashes": {
      "version": "2.0.0-beta.5",
      "resolved": "https://registry.npmjs.org/@noble/hashes/-/hashes-2.0.0-beta.5.tgz",
      "integrity": "sha512-v3Q6oF/QtOKfzmpF6XRnfRgzF0UK5sTFrL2F+EGlxQblDtF/VzZs7CG4eegOJBYJcNdGXHWOvcI04PpoUFqUUg==",
      "license": "MIT",
      "engines": {
        "node": ">= 20.19.0"
      },
      "funding": {
        "url": "https://paulmillr.com/funding/"
      }
    },
    "node_modules/@paulmillr/jsbt": {
      "version": "0.4.3",
      "resolved": "https://registry.npmjs.org/@paulmillr/jsbt/-/jsbt-0.4.3.tgz",
      "integrity": "sha512-kYl27TZlHbz0WqanEuq6clXyDLmik3+rmIry1zwA1sismxDSK+/HcroJTUag0SHvc1kGF67RS1pHYYueM4pHWg==",
      "dev": true,
      "license": "MIT",
      "bin": {
        "jsbt": "jsbt.js"
      }
    },
    "node_modules/@scure/base": {
      "version": "2.0.0-beta.1",
      "resolved": "https://registry.npmjs.org/@scure/base/-/base-2.0.0-beta.1.tgz",
      "integrity": "sha512-f8h3HNTGa5vQtSHh+D85L2wAW2S6pk4ImEA2zZ2h39oqbRvNhhUXu6a2UmAn4zbzuWFgwMGVUbYe9oxqYTKW8Q==",
      "license": "MIT",
      "funding": {
        "url": "https://paulmillr.com/funding/"
      }
    },
    "node_modules/@scure/btc-signer": {
      "version": "2.0.0-beta.1",
      "resolved": "https://registry.npmjs.org/@scure/btc-signer/-/btc-signer-2.0.0-beta.1.tgz",
      "integrity": "sha512-IDRVN6nL1kDulILuenRWzZ8Ld5duFUHwBnzWhmgBFMzD0+bcR3H1YWkUnUFSMUTS++VINP9AYvoDGqoknxeHiA==",
      "license": "MIT",
      "dependencies": {
        "@noble/curves": "2.0.0-beta.3",
        "@noble/hashes": "2.0.0-beta.5",
        "@scure/base": "2.0.0-beta.1",
        "micro-packed": "0.8.0-beta.1"
      },
      "funding": {
        "url": "https://paulmillr.com/funding/"
      }
    },
    "node_modules/@types/node": {
      "version": "24.2.1",
      "resolved": "https://registry.npmjs.org/@types/node/-/node-24.2.1.tgz",
      "integrity": "sha512-DRh5K+ka5eJic8CjH7td8QpYEV6Zo10gfRkjHCO3weqZHWDtAaSTFtl4+VMqOJ4N5jcuhZ9/l+yy8rVgw7BQeQ==",
      "dev": true,
      "license": "MIT",
      "dependencies": {
        "undici-types": "~7.10.0"
      }
    },
    "node_modules/ansi-colors": {
      "version": "4.1.3",
      "resolved": "https://registry.npmjs.org/ansi-colors/-/ansi-colors-4.1.3.tgz",
      "integrity": "sha512-/6w/C21Pm1A7aZitlI5Ni/2J6FFQN8i1Cvz3kHABAAbw93v/NlvKdVOqz7CCWz/3iv/JplRSEEZ83XION15ovw==",
      "engines": {
        "node": ">=6"
      }
    },
    "node_modules/ansi-regex": {
      "version": "5.0.1",
      "resolved": "https://registry.npmjs.org/ansi-regex/-/ansi-regex-5.0.1.tgz",
      "integrity": "sha512-quJQXlTSUGL2LH9SUXo8VwsY4soanhgo6LNSm84E1LBcE8s3O0wpdiRzyR9z/ZZJMlMWv37qOOb9pdJlMUEKFQ==",
      "engines": {
        "node": ">=8"
      }
    },
    "node_modules/enquirer": {
      "version": "2.4.1",
      "resolved": "https://registry.npmjs.org/enquirer/-/enquirer-2.4.1.tgz",
      "integrity": "sha512-rRqJg/6gd538VHvR3PSrdRBb/1Vy2YfzHqzvbhGIQpDRKIa4FgV/54b5Q1xYSxOOwKvjXweS26E0Q+nAMwp2pQ==",
      "dependencies": {
        "ansi-colors": "^4.1.1",
        "strip-ansi": "^6.0.1"
      },
      "engines": {
        "node": ">=8.6"
      }
    },
    "node_modules/micro-packed": {
      "version": "0.8.0-beta.1",
      "resolved": "https://registry.npmjs.org/micro-packed/-/micro-packed-0.8.0-beta.1.tgz",
      "integrity": "sha512-NEyvCFIOAckUud+WzmRl1k6rQNeyH1HsG8SU1Rci+rPo8+qlSi6NOLGcz3EItRMUNRQ5P1sloYkCM8azmbEJ5w==",
      "license": "MIT",
      "dependencies": {
        "@scure/base": "2.0.0-beta.1"
      },
      "engines": {
        "node": ">= 20.19.0"
      },
      "funding": {
        "url": "https://paulmillr.com/funding/"
      }
    },
    "node_modules/prettier": {
      "version": "3.5.3",
      "resolved": "https://registry.npmjs.org/prettier/-/prettier-3.5.3.tgz",
      "integrity": "sha512-QQtaxnoDJeAkDvDKWCLiwIXkTgRhwYDEQCghU9Z6q03iyek/rxRh/2lC3HB7P8sWT2xC/y5JDctPLBIGzHKbhw==",
      "dev": true,
      "license": "MIT",
      "bin": {
        "prettier": "bin/prettier.cjs"
      },
      "engines": {
        "node": ">=14"
      },
      "funding": {
        "url": "https://github.com/prettier/prettier?sponsor=1"
      }
    },
    "node_modules/strip-ansi": {
      "version": "6.0.1",
      "resolved": "https://registry.npmjs.org/strip-ansi/-/strip-ansi-6.0.1.tgz",
      "integrity": "sha512-Y38VPSHcqkFrCpFnQ9vuSXmquuv5oXOKpGeT6aGrr3o3Gc9AlVa6JBfUSOCnbxGGZF+/0ooI7KrPuUSztUdU5A==",
      "dependencies": {
        "ansi-regex": "^5.0.1"
      },
      "engines": {
        "node": ">=8"
      }
    },
    "node_modules/typescript": {
      "version": "5.9.2",
      "resolved": "https://registry.npmjs.org/typescript/-/typescript-5.9.2.tgz",
      "integrity": "sha512-CWBzXQrc/qOkhidw1OzBTQuYRbfyxDXJMVJ1XNwUHGROVmuaeiEm3OslpZ1RV96d7SKKjZKrSJu3+t/xlw3R9A==",
      "dev": true,
      "license": "Apache-2.0",
      "bin": {
        "tsc": "bin/tsc",
        "tsserver": "bin/tsserver"
      },
      "engines": {
        "node": ">=14.17"
      }
    },
    "node_modules/undici-types": {
      "version": "7.10.0",
      "resolved": "https://registry.npmjs.org/undici-types/-/undici-types-7.10.0.tgz",
      "integrity": "sha512-t5Fy/nfn+14LuOc2KNYg75vZqClpAiqscVvMygNnlsHBFpSXdJaYtXMcdNLpl/Qvc3P2cB3s6lOV51nqsFq4ag==",
      "dev": true,
      "license": "MIT"
    }
  }
}
